
Microsoft Visual Studio Solution File, Format Version 12.00
# Visual Studio 15
VisualStudioVersion = 15.0.26124.0
MinimumVisualStudioVersion = 15.0.26124.0
Project("{FAE04EC0-301F-11D3-BF4B-00C04F79EFBC}") = "Turquoise.Api.HealthMonitoring", "Turquoise.Api.HealthMonitoring\Turquoise.Api.HealthMonitoring.csproj", "{E65B2365-EA94-4235-A766-15066A25A03F}"
EndProject
Project("{FAE04EC0-301F-11D3-BF4B-00C04F79EFBC}") = "Turquoise.Api.HealthMonitoring.Tests", "Turquoise.Api.HealthMonitoring.Tests\Turquoise.Api.HealthMonitoring.Tests.csproj", "{7CA0A0ED-1A66-47BA-88B9-6F696819F7FD}"
EndProject
Project("{FAE04EC0-301F-11D3-BF4B-00C04F79EFBC}") = "Turquoise.Common", "Turquoise.Commons\Turquoise.Common\Turquoise.Common.csproj", "{8C8F325A-1C09-4809-8D9B-D47D3BE3AC8F}"
EndProject
Project("{FAE04EC0-301F-11D3-BF4B-00C04F79EFBC}") = "Turquoise.Models", "Turquoise.Commons\Turquoise.Models\Turquoise.Models.csproj", "{D5307614-AD70-4043-AC09-BF68B14D7980}"
EndProject
Project("{FAE04EC0-301F-11D3-BF4B-00C04F79EFBC}") = "Turquoise.Scheduler", "Turquoise.Scheduler\Turquoise.Scheduler.csproj", "{F05793BB-79C8-4ED7-81EB-22F24388A2A3}"
EndProject
Project("{2150E333-8FDC-42A3-9474-1A3956D46DE8}") = "Turquoise.Commons", "Turquoise.Commons", "{FCF04851-11BA-473B-A821-A0E235F341C3}"
EndProject
Project("{FAE04EC0-301F-11D3-BF4B-00C04F79EFBC}") = "Turquoise.Common.Mongo", "Turquoise.Commons\Turquoise.Common.Mongo\Turquoise.Common.Mongo.csproj", "{AD5FACC3-BB77-40D0-983E-CD987BA25500}"
EndProject
Project("{FAE04EC0-301F-11D3-BF4B-00C04F79EFBC}") = "Turquoise.K8s", "Turquoise.Commons\Turquoise.K8s\Turquoise.K8s.csproj", "{157EE6F3-EA76-4469-B665-23D9118D3603}"
EndProject
Project("{FAE04EC0-301F-11D3-BF4B-00C04F79EFBC}") = "Turquoise.Common.Scheduler", "Turquoise.Commons\Turquoise.Common.Scheduler\Turquoise.Common.Scheduler.csproj", "{12B4799A-FCD3-465D-A26A-974034FD726B}"
EndProject
Project("{FAE04EC0-301F-11D3-BF4B-00C04F79EFBC}") = "Turquoise.HealthChecker", "Turquoise.HealthChecker\Turquoise.HealthChecker.csproj", "{6DFA2C12-4ABF-43F5-BA4D-ACA1F6BFE0FA}"
EndProject
Project("{FAE04EC0-301F-11D3-BF4B-00C04F79EFBC}") = "Turquoise.Comms", "Turquoise.Comms\Turquoise.Comms.csproj", "{869C3118-C660-4DCD-9900-B9BC0AD4C2F7}"
EndProject
Project("{2150E333-8FDC-42A3-9474-1A3956D46DE8}") = "Workers", "Workers", "{E47F50E4-E482-4593-A653-D6F0C47D212A}"
EndProject
Project("{FAE04EC0-301F-11D3-BF4B-00C04F79EFBC}") = "Turquoise.Worker.Comms", "Workers\Turquoise.Worker.Comms\Turquoise.Worker.Comms.csproj", "{BF2C608E-661E-42E6-95E8-2AB692B9877C}"
EndProject
Project("{FAE04EC0-301F-11D3-BF4B-00C04F79EFBC}") = "Turquoise.Worker.Comms.Tests", "Workers\Turquoise.Worker.Comms.Tests\Turquoise.Worker.Comms.Tests.csproj", "{2515026E-C4C4-4035-9543-21C9457E3B8D}"
EndProject
Project("{FAE04EC0-301F-11D3-BF4B-00C04F79EFBC}") = "Turquoise.Worker.HealthChecker", "Workers\Turquoise.Worker.HealthChecker\Turquoise.Worker.HealthChecker.csproj", "{8F7249FA-0B22-449C-89FB-5CCDEF002C6E}"
EndProject
Project("{FAE04EC0-301F-11D3-BF4B-00C04F79EFBC}") = "Turquoise.Worker.HealthChecker.Tests", "Workers\Turquoise.Worker.HealthChecker.Tests\Turquoise.Worker.HealthChecker.Tests.csproj", "{B457871D-F2BE-4C80-A430-B68DED4A3CDE}"
EndProject
Project("{FAE04EC0-301F-11D3-BF4B-00C04F79EFBC}") = "Turquoise.Worker.Scaler", "Workers\Turquoise.Worker.Scaler\Turquoise.Worker.Scaler.csproj", "{BC6495E2-41DC-42F8-AE06-9CA2EAD39FC6}"
EndProject
Project("{FAE04EC0-301F-11D3-BF4B-00C04F79EFBC}") = "Turquoise.Worker.Scaler.Tests", "Workers\Turquoise.Worker.Scaler.Tests\Turquoise.Worker.Scaler.Tests.csproj", "{E39D4A0B-530F-4033-BAA0-45F8B74D7D47}"
EndProject
Project("{FAE04EC0-301F-11D3-BF4B-00C04F79EFBC}") = "Turquoise.Worker.Scheduler", "Workers\Turquoise.Worker.Scheduler\Turquoise.Worker.Scheduler.csproj", "{CF29D5DC-D456-4C02-A62D-F442F78E4364}"
EndProject
Project("{FAE04EC0-301F-11D3-BF4B-00C04F79EFBC}") = "Turquoise.Worker.Scheduler.Tests", "Workers\Turquoise.Worker.Scheduler.Tests\Turquoise.Worker.Scheduler.Tests.csproj", "{E292CA11-5D5F-4B43-8D4D-FB6DD9D4F996}"
EndProject
Project("{FAE04EC0-301F-11D3-BF4B-00C04F79EFBC}") = "Turquoise.Worker.Sync", "Workers\Turquoise.Worker.Sync\Turquoise.Worker.Sync.csproj", "{2AA4222A-65E8-44BC-A9E4-972B485A2770}"
EndProject
Project("{FAE04EC0-301F-11D3-BF4B-00C04F79EFBC}") = "Turquoise.Worker.Sync.Tests", "Workers\Turquoise.Worker.Sync.Tests\Turquoise.Worker.Sync.Tests.csproj", "{DDA0CFAF-EB55-4490-BD79-D2238DB3BE5F}"
EndProject
Project("{2150E333-8FDC-42A3-9474-1A3956D46DE8}") = "Libs", "Libs", "{D4CF3BAF-20A7-4345-9F5A-430FA060DAE6}"
EndProject
Project("{FAE04EC0-301F-11D3-BF4B-00C04F79EFBC}") = "Turquoise.K8sServices", "Libs\Turquoise.K8sServices\Turquoise.K8sServices.csproj", "{86E53DC2-692F-4D2B-A88E-7BA613F00BC8}"
EndProject
Project("{FAE04EC0-301F-11D3-BF4B-00C04F79EFBC}") = "Turquoise.Models", "Libs\Turquoise.Models\Turquoise.Models.csproj", "{F3B0DDDC-E292-4BBE-9D4A-6251CBCEC42E}"
EndProject
Project("{FAE04EC0-301F-11D3-BF4B-00C04F79EFBC}") = "Turquoise.Common", "Libs\Turquoise.Common\Turquoise.Common.csproj", "{6B5B1178-F648-4975-A4E3-6AB08DA58CE8}"
EndProject
Project("{FAE04EC0-301F-11D3-BF4B-00C04F79EFBC}") = "Turquoise.Common.Mongo", "Libs\Turquoise.Common.Mongo\Turquoise.Common.Mongo.csproj", "{99C9FF53-7F8D-48FD-9770-6C35144E3738}"
EndProject
Project("{FAE04EC0-301F-11D3-BF4B-00C04F79EFBC}") = "Turquoise.Common.Scheduler", "Libs\Turquoise.Common.Scheduler\Turquoise.Common.Scheduler.csproj", "{754CEDE7-B58A-4C97-9A4B-2B25B3B5242E}"
EndProject
Global
	GlobalSection(SolutionConfigurationPlatforms) = preSolution
		Debug|Any CPU = Debug|Any CPU
		Debug|x64 = Debug|x64
		Debug|x86 = Debug|x86
		Release|Any CPU = Release|Any CPU
		Release|x64 = Release|x64
		Release|x86 = Release|x86
	EndGlobalSection
	GlobalSection(SolutionProperties) = preSolution
		HideSolutionNode = FALSE
	EndGlobalSection
	GlobalSection(ProjectConfigurationPlatforms) = postSolution
		{E65B2365-EA94-4235-A766-15066A25A03F}.Debug|Any CPU.ActiveCfg = Debug|Any CPU
		{E65B2365-EA94-4235-A766-15066A25A03F}.Debug|Any CPU.Build.0 = Debug|Any CPU
		{E65B2365-EA94-4235-A766-15066A25A03F}.Debug|x64.ActiveCfg = Debug|Any CPU
		{E65B2365-EA94-4235-A766-15066A25A03F}.Debug|x64.Build.0 = Debug|Any CPU
		{E65B2365-EA94-4235-A766-15066A25A03F}.Debug|x86.ActiveCfg = Debug|Any CPU
		{E65B2365-EA94-4235-A766-15066A25A03F}.Debug|x86.Build.0 = Debug|Any CPU
		{E65B2365-EA94-4235-A766-15066A25A03F}.Release|Any CPU.ActiveCfg = Release|Any CPU
		{E65B2365-EA94-4235-A766-15066A25A03F}.Release|Any CPU.Build.0 = Release|Any CPU
		{E65B2365-EA94-4235-A766-15066A25A03F}.Release|x64.ActiveCfg = Release|Any CPU
		{E65B2365-EA94-4235-A766-15066A25A03F}.Release|x64.Build.0 = Release|Any CPU
		{E65B2365-EA94-4235-A766-15066A25A03F}.Release|x86.ActiveCfg = Release|Any CPU
		{E65B2365-EA94-4235-A766-15066A25A03F}.Release|x86.Build.0 = Release|Any CPU
		{7CA0A0ED-1A66-47BA-88B9-6F696819F7FD}.Debug|Any CPU.ActiveCfg = Debug|Any CPU
		{7CA0A0ED-1A66-47BA-88B9-6F696819F7FD}.Debug|Any CPU.Build.0 = Debug|Any CPU
		{7CA0A0ED-1A66-47BA-88B9-6F696819F7FD}.Debug|x64.ActiveCfg = Debug|Any CPU
		{7CA0A0ED-1A66-47BA-88B9-6F696819F7FD}.Debug|x64.Build.0 = Debug|Any CPU
		{7CA0A0ED-1A66-47BA-88B9-6F696819F7FD}.Debug|x86.ActiveCfg = Debug|Any CPU
		{7CA0A0ED-1A66-47BA-88B9-6F696819F7FD}.Debug|x86.Build.0 = Debug|Any CPU
		{7CA0A0ED-1A66-47BA-88B9-6F696819F7FD}.Release|Any CPU.ActiveCfg = Release|Any CPU
		{7CA0A0ED-1A66-47BA-88B9-6F696819F7FD}.Release|Any CPU.Build.0 = Release|Any CPU
		{7CA0A0ED-1A66-47BA-88B9-6F696819F7FD}.Release|x64.ActiveCfg = Release|Any CPU
		{7CA0A0ED-1A66-47BA-88B9-6F696819F7FD}.Release|x64.Build.0 = Release|Any CPU
		{7CA0A0ED-1A66-47BA-88B9-6F696819F7FD}.Release|x86.ActiveCfg = Release|Any CPU
		{7CA0A0ED-1A66-47BA-88B9-6F696819F7FD}.Release|x86.Build.0 = Release|Any CPU
		{8C8F325A-1C09-4809-8D9B-D47D3BE3AC8F}.Debug|Any CPU.ActiveCfg = Debug|Any CPU
		{8C8F325A-1C09-4809-8D9B-D47D3BE3AC8F}.Debug|Any CPU.Build.0 = Debug|Any CPU
		{8C8F325A-1C09-4809-8D9B-D47D3BE3AC8F}.Debug|x64.ActiveCfg = Debug|Any CPU
		{8C8F325A-1C09-4809-8D9B-D47D3BE3AC8F}.Debug|x64.Build.0 = Debug|Any CPU
		{8C8F325A-1C09-4809-8D9B-D47D3BE3AC8F}.Debug|x86.ActiveCfg = Debug|Any CPU
		{8C8F325A-1C09-4809-8D9B-D47D3BE3AC8F}.Debug|x86.Build.0 = Debug|Any CPU
		{8C8F325A-1C09-4809-8D9B-D47D3BE3AC8F}.Release|Any CPU.ActiveCfg = Release|Any CPU
		{8C8F325A-1C09-4809-8D9B-D47D3BE3AC8F}.Release|Any CPU.Build.0 = Release|Any CPU
		{8C8F325A-1C09-4809-8D9B-D47D3BE3AC8F}.Release|x64.ActiveCfg = Release|Any CPU
		{8C8F325A-1C09-4809-8D9B-D47D3BE3AC8F}.Release|x64.Build.0 = Release|Any CPU
		{8C8F325A-1C09-4809-8D9B-D47D3BE3AC8F}.Release|x86.ActiveCfg = Release|Any CPU
		{8C8F325A-1C09-4809-8D9B-D47D3BE3AC8F}.Release|x86.Build.0 = Release|Any CPU
		{D5307614-AD70-4043-AC09-BF68B14D7980}.Debug|Any CPU.ActiveCfg = Debug|Any CPU
		{D5307614-AD70-4043-AC09-BF68B14D7980}.Debug|Any CPU.Build.0 = Debug|Any CPU
		{D5307614-AD70-4043-AC09-BF68B14D7980}.Debug|x64.ActiveCfg = Debug|Any CPU
		{D5307614-AD70-4043-AC09-BF68B14D7980}.Debug|x64.Build.0 = Debug|Any CPU
		{D5307614-AD70-4043-AC09-BF68B14D7980}.Debug|x86.ActiveCfg = Debug|Any CPU
		{D5307614-AD70-4043-AC09-BF68B14D7980}.Debug|x86.Build.0 = Debug|Any CPU
		{D5307614-AD70-4043-AC09-BF68B14D7980}.Release|Any CPU.ActiveCfg = Release|Any CPU
		{D5307614-AD70-4043-AC09-BF68B14D7980}.Release|Any CPU.Build.0 = Release|Any CPU
		{D5307614-AD70-4043-AC09-BF68B14D7980}.Release|x64.ActiveCfg = Release|Any CPU
		{D5307614-AD70-4043-AC09-BF68B14D7980}.Release|x64.Build.0 = Release|Any CPU
		{D5307614-AD70-4043-AC09-BF68B14D7980}.Release|x86.ActiveCfg = Release|Any CPU
		{D5307614-AD70-4043-AC09-BF68B14D7980}.Release|x86.Build.0 = Release|Any CPU
		{F05793BB-79C8-4ED7-81EB-22F24388A2A3}.Debug|Any CPU.ActiveCfg = Debug|Any CPU
		{F05793BB-79C8-4ED7-81EB-22F24388A2A3}.Debug|Any CPU.Build.0 = Debug|Any CPU
		{F05793BB-79C8-4ED7-81EB-22F24388A2A3}.Debug|x64.ActiveCfg = Debug|Any CPU
		{F05793BB-79C8-4ED7-81EB-22F24388A2A3}.Debug|x64.Build.0 = Debug|Any CPU
		{F05793BB-79C8-4ED7-81EB-22F24388A2A3}.Debug|x86.ActiveCfg = Debug|Any CPU
		{F05793BB-79C8-4ED7-81EB-22F24388A2A3}.Debug|x86.Build.0 = Debug|Any CPU
		{F05793BB-79C8-4ED7-81EB-22F24388A2A3}.Release|Any CPU.ActiveCfg = Release|Any CPU
		{F05793BB-79C8-4ED7-81EB-22F24388A2A3}.Release|Any CPU.Build.0 = Release|Any CPU
		{F05793BB-79C8-4ED7-81EB-22F24388A2A3}.Release|x64.ActiveCfg = Release|Any CPU
		{F05793BB-79C8-4ED7-81EB-22F24388A2A3}.Release|x64.Build.0 = Release|Any CPU
		{F05793BB-79C8-4ED7-81EB-22F24388A2A3}.Release|x86.ActiveCfg = Release|Any CPU
		{F05793BB-79C8-4ED7-81EB-22F24388A2A3}.Release|x86.Build.0 = Release|Any CPU
		{AD5FACC3-BB77-40D0-983E-CD987BA25500}.Debug|Any CPU.ActiveCfg = Debug|Any CPU
		{AD5FACC3-BB77-40D0-983E-CD987BA25500}.Debug|Any CPU.Build.0 = Debug|Any CPU
		{AD5FACC3-BB77-40D0-983E-CD987BA25500}.Debug|x64.ActiveCfg = Debug|Any CPU
		{AD5FACC3-BB77-40D0-983E-CD987BA25500}.Debug|x64.Build.0 = Debug|Any CPU
		{AD5FACC3-BB77-40D0-983E-CD987BA25500}.Debug|x86.ActiveCfg = Debug|Any CPU
		{AD5FACC3-BB77-40D0-983E-CD987BA25500}.Debug|x86.Build.0 = Debug|Any CPU
		{AD5FACC3-BB77-40D0-983E-CD987BA25500}.Release|Any CPU.ActiveCfg = Release|Any CPU
		{AD5FACC3-BB77-40D0-983E-CD987BA25500}.Release|Any CPU.Build.0 = Release|Any CPU
		{AD5FACC3-BB77-40D0-983E-CD987BA25500}.Release|x64.ActiveCfg = Release|Any CPU
		{AD5FACC3-BB77-40D0-983E-CD987BA25500}.Release|x64.Build.0 = Release|Any CPU
		{AD5FACC3-BB77-40D0-983E-CD987BA25500}.Release|x86.ActiveCfg = Release|Any CPU
		{AD5FACC3-BB77-40D0-983E-CD987BA25500}.Release|x86.Build.0 = Release|Any CPU
		{157EE6F3-EA76-4469-B665-23D9118D3603}.Debug|Any CPU.ActiveCfg = Debug|Any CPU
		{157EE6F3-EA76-4469-B665-23D9118D3603}.Debug|Any CPU.Build.0 = Debug|Any CPU
		{157EE6F3-EA76-4469-B665-23D9118D3603}.Debug|x64.ActiveCfg = Debug|Any CPU
		{157EE6F3-EA76-4469-B665-23D9118D3603}.Debug|x64.Build.0 = Debug|Any CPU
		{157EE6F3-EA76-4469-B665-23D9118D3603}.Debug|x86.ActiveCfg = Debug|Any CPU
		{157EE6F3-EA76-4469-B665-23D9118D3603}.Debug|x86.Build.0 = Debug|Any CPU
		{157EE6F3-EA76-4469-B665-23D9118D3603}.Release|Any CPU.ActiveCfg = Release|Any CPU
		{157EE6F3-EA76-4469-B665-23D9118D3603}.Release|Any CPU.Build.0 = Release|Any CPU
		{157EE6F3-EA76-4469-B665-23D9118D3603}.Release|x64.ActiveCfg = Release|Any CPU
		{157EE6F3-EA76-4469-B665-23D9118D3603}.Release|x64.Build.0 = Release|Any CPU
		{157EE6F3-EA76-4469-B665-23D9118D3603}.Release|x86.ActiveCfg = Release|Any CPU
		{157EE6F3-EA76-4469-B665-23D9118D3603}.Release|x86.Build.0 = Release|Any CPU
		{12B4799A-FCD3-465D-A26A-974034FD726B}.Debug|Any CPU.ActiveCfg = Debug|Any CPU
		{12B4799A-FCD3-465D-A26A-974034FD726B}.Debug|Any CPU.Build.0 = Debug|Any CPU
		{12B4799A-FCD3-465D-A26A-974034FD726B}.Debug|x64.ActiveCfg = Debug|Any CPU
		{12B4799A-FCD3-465D-A26A-974034FD726B}.Debug|x64.Build.0 = Debug|Any CPU
		{12B4799A-FCD3-465D-A26A-974034FD726B}.Debug|x86.ActiveCfg = Debug|Any CPU
		{12B4799A-FCD3-465D-A26A-974034FD726B}.Debug|x86.Build.0 = Debug|Any CPU
		{12B4799A-FCD3-465D-A26A-974034FD726B}.Release|Any CPU.ActiveCfg = Release|Any CPU
		{12B4799A-FCD3-465D-A26A-974034FD726B}.Release|Any CPU.Build.0 = Release|Any CPU
		{12B4799A-FCD3-465D-A26A-974034FD726B}.Release|x64.ActiveCfg = Release|Any CPU
		{12B4799A-FCD3-465D-A26A-974034FD726B}.Release|x64.Build.0 = Release|Any CPU
		{12B4799A-FCD3-465D-A26A-974034FD726B}.Release|x86.ActiveCfg = Release|Any CPU
		{12B4799A-FCD3-465D-A26A-974034FD726B}.Release|x86.Build.0 = Release|Any CPU
		{6DFA2C12-4ABF-43F5-BA4D-ACA1F6BFE0FA}.Debug|Any CPU.ActiveCfg = Debug|Any CPU
		{6DFA2C12-4ABF-43F5-BA4D-ACA1F6BFE0FA}.Debug|Any CPU.Build.0 = Debug|Any CPU
		{6DFA2C12-4ABF-43F5-BA4D-ACA1F6BFE0FA}.Debug|x64.ActiveCfg = Debug|Any CPU
		{6DFA2C12-4ABF-43F5-BA4D-ACA1F6BFE0FA}.Debug|x64.Build.0 = Debug|Any CPU
		{6DFA2C12-4ABF-43F5-BA4D-ACA1F6BFE0FA}.Debug|x86.ActiveCfg = Debug|Any CPU
		{6DFA2C12-4ABF-43F5-BA4D-ACA1F6BFE0FA}.Debug|x86.Build.0 = Debug|Any CPU
		{6DFA2C12-4ABF-43F5-BA4D-ACA1F6BFE0FA}.Release|Any CPU.ActiveCfg = Release|Any CPU
		{6DFA2C12-4ABF-43F5-BA4D-ACA1F6BFE0FA}.Release|Any CPU.Build.0 = Release|Any CPU
		{6DFA2C12-4ABF-43F5-BA4D-ACA1F6BFE0FA}.Release|x64.ActiveCfg = Release|Any CPU
		{6DFA2C12-4ABF-43F5-BA4D-ACA1F6BFE0FA}.Release|x64.Build.0 = Release|Any CPU
		{6DFA2C12-4ABF-43F5-BA4D-ACA1F6BFE0FA}.Release|x86.ActiveCfg = Release|Any CPU
		{6DFA2C12-4ABF-43F5-BA4D-ACA1F6BFE0FA}.Release|x86.Build.0 = Release|Any CPU
		{869C3118-C660-4DCD-9900-B9BC0AD4C2F7}.Debug|Any CPU.ActiveCfg = Debug|Any CPU
		{869C3118-C660-4DCD-9900-B9BC0AD4C2F7}.Debug|Any CPU.Build.0 = Debug|Any CPU
		{869C3118-C660-4DCD-9900-B9BC0AD4C2F7}.Debug|x64.ActiveCfg = Debug|Any CPU
		{869C3118-C660-4DCD-9900-B9BC0AD4C2F7}.Debug|x64.Build.0 = Debug|Any CPU
		{869C3118-C660-4DCD-9900-B9BC0AD4C2F7}.Debug|x86.ActiveCfg = Debug|Any CPU
		{869C3118-C660-4DCD-9900-B9BC0AD4C2F7}.Debug|x86.Build.0 = Debug|Any CPU
		{869C3118-C660-4DCD-9900-B9BC0AD4C2F7}.Release|Any CPU.ActiveCfg = Release|Any CPU
		{869C3118-C660-4DCD-9900-B9BC0AD4C2F7}.Release|Any CPU.Build.0 = Release|Any CPU
		{869C3118-C660-4DCD-9900-B9BC0AD4C2F7}.Release|x64.ActiveCfg = Release|Any CPU
		{869C3118-C660-4DCD-9900-B9BC0AD4C2F7}.Release|x64.Build.0 = Release|Any CPU
		{869C3118-C660-4DCD-9900-B9BC0AD4C2F7}.Release|x86.ActiveCfg = Release|Any CPU
		{869C3118-C660-4DCD-9900-B9BC0AD4C2F7}.Release|x86.Build.0 = Release|Any CPU
		{BF2C608E-661E-42E6-95E8-2AB692B9877C}.Debug|Any CPU.ActiveCfg = Debug|Any CPU
		{BF2C608E-661E-42E6-95E8-2AB692B9877C}.Debug|Any CPU.Build.0 = Debug|Any CPU
		{BF2C608E-661E-42E6-95E8-2AB692B9877C}.Debug|x64.ActiveCfg = Debug|Any CPU
		{BF2C608E-661E-42E6-95E8-2AB692B9877C}.Debug|x64.Build.0 = Debug|Any CPU
		{BF2C608E-661E-42E6-95E8-2AB692B9877C}.Debug|x86.ActiveCfg = Debug|Any CPU
		{BF2C608E-661E-42E6-95E8-2AB692B9877C}.Debug|x86.Build.0 = Debug|Any CPU
		{BF2C608E-661E-42E6-95E8-2AB692B9877C}.Release|Any CPU.ActiveCfg = Release|Any CPU
		{BF2C608E-661E-42E6-95E8-2AB692B9877C}.Release|Any CPU.Build.0 = Release|Any CPU
		{BF2C608E-661E-42E6-95E8-2AB692B9877C}.Release|x64.ActiveCfg = Release|Any CPU
		{BF2C608E-661E-42E6-95E8-2AB692B9877C}.Release|x64.Build.0 = Release|Any CPU
		{BF2C608E-661E-42E6-95E8-2AB692B9877C}.Release|x86.ActiveCfg = Release|Any CPU
		{BF2C608E-661E-42E6-95E8-2AB692B9877C}.Release|x86.Build.0 = Release|Any CPU
		{2515026E-C4C4-4035-9543-21C9457E3B8D}.Debug|Any CPU.ActiveCfg = Debug|Any CPU
		{2515026E-C4C4-4035-9543-21C9457E3B8D}.Debug|Any CPU.Build.0 = Debug|Any CPU
		{2515026E-C4C4-4035-9543-21C9457E3B8D}.Debug|x64.ActiveCfg = Debug|Any CPU
		{2515026E-C4C4-4035-9543-21C9457E3B8D}.Debug|x64.Build.0 = Debug|Any CPU
		{2515026E-C4C4-4035-9543-21C9457E3B8D}.Debug|x86.ActiveCfg = Debug|Any CPU
		{2515026E-C4C4-4035-9543-21C9457E3B8D}.Debug|x86.Build.0 = Debug|Any CPU
		{2515026E-C4C4-4035-9543-21C9457E3B8D}.Release|Any CPU.ActiveCfg = Release|Any CPU
		{2515026E-C4C4-4035-9543-21C9457E3B8D}.Release|Any CPU.Build.0 = Release|Any CPU
		{2515026E-C4C4-4035-9543-21C9457E3B8D}.Release|x64.ActiveCfg = Release|Any CPU
		{2515026E-C4C4-4035-9543-21C9457E3B8D}.Release|x64.Build.0 = Release|Any CPU
		{2515026E-C4C4-4035-9543-21C9457E3B8D}.Release|x86.ActiveCfg = Release|Any CPU
		{2515026E-C4C4-4035-9543-21C9457E3B8D}.Release|x86.Build.0 = Release|Any CPU
		{8F7249FA-0B22-449C-89FB-5CCDEF002C6E}.Debug|Any CPU.ActiveCfg = Debug|Any CPU
		{8F7249FA-0B22-449C-89FB-5CCDEF002C6E}.Debug|Any CPU.Build.0 = Debug|Any CPU
		{8F7249FA-0B22-449C-89FB-5CCDEF002C6E}.Debug|x64.ActiveCfg = Debug|Any CPU
		{8F7249FA-0B22-449C-89FB-5CCDEF002C6E}.Debug|x64.Build.0 = Debug|Any CPU
		{8F7249FA-0B22-449C-89FB-5CCDEF002C6E}.Debug|x86.ActiveCfg = Debug|Any CPU
		{8F7249FA-0B22-449C-89FB-5CCDEF002C6E}.Debug|x86.Build.0 = Debug|Any CPU
		{8F7249FA-0B22-449C-89FB-5CCDEF002C6E}.Release|Any CPU.ActiveCfg = Release|Any CPU
		{8F7249FA-0B22-449C-89FB-5CCDEF002C6E}.Release|Any CPU.Build.0 = Release|Any CPU
		{8F7249FA-0B22-449C-89FB-5CCDEF002C6E}.Release|x64.ActiveCfg = Release|Any CPU
		{8F7249FA-0B22-449C-89FB-5CCDEF002C6E}.Release|x64.Build.0 = Release|Any CPU
		{8F7249FA-0B22-449C-89FB-5CCDEF002C6E}.Release|x86.ActiveCfg = Release|Any CPU
		{8F7249FA-0B22-449C-89FB-5CCDEF002C6E}.Release|x86.Build.0 = Release|Any CPU
		{B457871D-F2BE-4C80-A430-B68DED4A3CDE}.Debug|Any CPU.ActiveCfg = Debug|Any CPU
		{B457871D-F2BE-4C80-A430-B68DED4A3CDE}.Debug|Any CPU.Build.0 = Debug|Any CPU
		{B457871D-F2BE-4C80-A430-B68DED4A3CDE}.Debug|x64.ActiveCfg = Debug|Any CPU
		{B457871D-F2BE-4C80-A430-B68DED4A3CDE}.Debug|x64.Build.0 = Debug|Any CPU
		{B457871D-F2BE-4C80-A430-B68DED4A3CDE}.Debug|x86.ActiveCfg = Debug|Any CPU
		{B457871D-F2BE-4C80-A430-B68DED4A3CDE}.Debug|x86.Build.0 = Debug|Any CPU
		{B457871D-F2BE-4C80-A430-B68DED4A3CDE}.Release|Any CPU.ActiveCfg = Release|Any CPU
		{B457871D-F2BE-4C80-A430-B68DED4A3CDE}.Release|Any CPU.Build.0 = Release|Any CPU
		{B457871D-F2BE-4C80-A430-B68DED4A3CDE}.Release|x64.ActiveCfg = Release|Any CPU
		{B457871D-F2BE-4C80-A430-B68DED4A3CDE}.Release|x64.Build.0 = Release|Any CPU
		{B457871D-F2BE-4C80-A430-B68DED4A3CDE}.Release|x86.ActiveCfg = Release|Any CPU
		{B457871D-F2BE-4C80-A430-B68DED4A3CDE}.Release|x86.Build.0 = Release|Any CPU
		{BC6495E2-41DC-42F8-AE06-9CA2EAD39FC6}.Debug|Any CPU.ActiveCfg = Debug|Any CPU
		{BC6495E2-41DC-42F8-AE06-9CA2EAD39FC6}.Debug|Any CPU.Build.0 = Debug|Any CPU
		{BC6495E2-41DC-42F8-AE06-9CA2EAD39FC6}.Debug|x64.ActiveCfg = Debug|Any CPU
		{BC6495E2-41DC-42F8-AE06-9CA2EAD39FC6}.Debug|x64.Build.0 = Debug|Any CPU
		{BC6495E2-41DC-42F8-AE06-9CA2EAD39FC6}.Debug|x86.ActiveCfg = Debug|Any CPU
		{BC6495E2-41DC-42F8-AE06-9CA2EAD39FC6}.Debug|x86.Build.0 = Debug|Any CPU
		{BC6495E2-41DC-42F8-AE06-9CA2EAD39FC6}.Release|Any CPU.ActiveCfg = Release|Any CPU
		{BC6495E2-41DC-42F8-AE06-9CA2EAD39FC6}.Release|Any CPU.Build.0 = Release|Any CPU
		{BC6495E2-41DC-42F8-AE06-9CA2EAD39FC6}.Release|x64.ActiveCfg = Release|Any CPU
		{BC6495E2-41DC-42F8-AE06-9CA2EAD39FC6}.Release|x64.Build.0 = Release|Any CPU
		{BC6495E2-41DC-42F8-AE06-9CA2EAD39FC6}.Release|x86.ActiveCfg = Release|Any CPU
		{BC6495E2-41DC-42F8-AE06-9CA2EAD39FC6}.Release|x86.Build.0 = Release|Any CPU
		{E39D4A0B-530F-4033-BAA0-45F8B74D7D47}.Debug|Any CPU.ActiveCfg = Debug|Any CPU
		{E39D4A0B-530F-4033-BAA0-45F8B74D7D47}.Debug|Any CPU.Build.0 = Debug|Any CPU
		{E39D4A0B-530F-4033-BAA0-45F8B74D7D47}.Debug|x64.ActiveCfg = Debug|Any CPU
		{E39D4A0B-530F-4033-BAA0-45F8B74D7D47}.Debug|x64.Build.0 = Debug|Any CPU
		{E39D4A0B-530F-4033-BAA0-45F8B74D7D47}.Debug|x86.ActiveCfg = Debug|Any CPU
		{E39D4A0B-530F-4033-BAA0-45F8B74D7D47}.Debug|x86.Build.0 = Debug|Any CPU
		{E39D4A0B-530F-4033-BAA0-45F8B74D7D47}.Release|Any CPU.ActiveCfg = Release|Any CPU
		{E39D4A0B-530F-4033-BAA0-45F8B74D7D47}.Release|Any CPU.Build.0 = Release|Any CPU
		{E39D4A0B-530F-4033-BAA0-45F8B74D7D47}.Release|x64.ActiveCfg = Release|Any CPU
		{E39D4A0B-530F-4033-BAA0-45F8B74D7D47}.Release|x64.Build.0 = Release|Any CPU
		{E39D4A0B-530F-4033-BAA0-45F8B74D7D47}.Release|x86.ActiveCfg = Release|Any CPU
		{E39D4A0B-530F-4033-BAA0-45F8B74D7D47}.Release|x86.Build.0 = Release|Any CPU
		{CF29D5DC-D456-4C02-A62D-F442F78E4364}.Debug|Any CPU.ActiveCfg = Debug|Any CPU
		{CF29D5DC-D456-4C02-A62D-F442F78E4364}.Debug|Any CPU.Build.0 = Debug|Any CPU
		{CF29D5DC-D456-4C02-A62D-F442F78E4364}.Debug|x64.ActiveCfg = Debug|Any CPU
		{CF29D5DC-D456-4C02-A62D-F442F78E4364}.Debug|x64.Build.0 = Debug|Any CPU
		{CF29D5DC-D456-4C02-A62D-F442F78E4364}.Debug|x86.ActiveCfg = Debug|Any CPU
		{CF29D5DC-D456-4C02-A62D-F442F78E4364}.Debug|x86.Build.0 = Debug|Any CPU
		{CF29D5DC-D456-4C02-A62D-F442F78E4364}.Release|Any CPU.ActiveCfg = Release|Any CPU
		{CF29D5DC-D456-4C02-A62D-F442F78E4364}.Release|Any CPU.Build.0 = Release|Any CPU
		{CF29D5DC-D456-4C02-A62D-F442F78E4364}.Release|x64.ActiveCfg = Release|Any CPU
		{CF29D5DC-D456-4C02-A62D-F442F78E4364}.Release|x64.Build.0 = Release|Any CPU
		{CF29D5DC-D456-4C02-A62D-F442F78E4364}.Release|x86.ActiveCfg = Release|Any CPU
		{CF29D5DC-D456-4C02-A62D-F442F78E4364}.Release|x86.Build.0 = Release|Any CPU
		{E292CA11-5D5F-4B43-8D4D-FB6DD9D4F996}.Debug|Any CPU.ActiveCfg = Debug|Any CPU
		{E292CA11-5D5F-4B43-8D4D-FB6DD9D4F996}.Debug|Any CPU.Build.0 = Debug|Any CPU
		{E292CA11-5D5F-4B43-8D4D-FB6DD9D4F996}.Debug|x64.ActiveCfg = Debug|Any CPU
		{E292CA11-5D5F-4B43-8D4D-FB6DD9D4F996}.Debug|x64.Build.0 = Debug|Any CPU
		{E292CA11-5D5F-4B43-8D4D-FB6DD9D4F996}.Debug|x86.ActiveCfg = Debug|Any CPU
		{E292CA11-5D5F-4B43-8D4D-FB6DD9D4F996}.Debug|x86.Build.0 = Debug|Any CPU
		{E292CA11-5D5F-4B43-8D4D-FB6DD9D4F996}.Release|Any CPU.ActiveCfg = Release|Any CPU
		{E292CA11-5D5F-4B43-8D4D-FB6DD9D4F996}.Release|Any CPU.Build.0 = Release|Any CPU
		{E292CA11-5D5F-4B43-8D4D-FB6DD9D4F996}.Release|x64.ActiveCfg = Release|Any CPU
		{E292CA11-5D5F-4B43-8D4D-FB6DD9D4F996}.Release|x64.Build.0 = Release|Any CPU
		{E292CA11-5D5F-4B43-8D4D-FB6DD9D4F996}.Release|x86.ActiveCfg = Release|Any CPU
		{E292CA11-5D5F-4B43-8D4D-FB6DD9D4F996}.Release|x86.Build.0 = Release|Any CPU
		{2AA4222A-65E8-44BC-A9E4-972B485A2770}.Debug|Any CPU.ActiveCfg = Debug|Any CPU
		{2AA4222A-65E8-44BC-A9E4-972B485A2770}.Debug|Any CPU.Build.0 = Debug|Any CPU
		{2AA4222A-65E8-44BC-A9E4-972B485A2770}.Debug|x64.ActiveCfg = Debug|Any CPU
		{2AA4222A-65E8-44BC-A9E4-972B485A2770}.Debug|x64.Build.0 = Debug|Any CPU
		{2AA4222A-65E8-44BC-A9E4-972B485A2770}.Debug|x86.ActiveCfg = Debug|Any CPU
		{2AA4222A-65E8-44BC-A9E4-972B485A2770}.Debug|x86.Build.0 = Debug|Any CPU
		{2AA4222A-65E8-44BC-A9E4-972B485A2770}.Release|Any CPU.ActiveCfg = Release|Any CPU
		{2AA4222A-65E8-44BC-A9E4-972B485A2770}.Release|Any CPU.Build.0 = Release|Any CPU
		{2AA4222A-65E8-44BC-A9E4-972B485A2770}.Release|x64.ActiveCfg = Release|Any CPU
		{2AA4222A-65E8-44BC-A9E4-972B485A2770}.Release|x64.Build.0 = Release|Any CPU
		{2AA4222A-65E8-44BC-A9E4-972B485A2770}.Release|x86.ActiveCfg = Release|Any CPU
		{2AA4222A-65E8-44BC-A9E4-972B485A2770}.Release|x86.Build.0 = Release|Any CPU
		{DDA0CFAF-EB55-4490-BD79-D2238DB3BE5F}.Debug|Any CPU.ActiveCfg = Debug|Any CPU
		{DDA0CFAF-EB55-4490-BD79-D2238DB3BE5F}.Debug|Any CPU.Build.0 = Debug|Any CPU
		{DDA0CFAF-EB55-4490-BD79-D2238DB3BE5F}.Debug|x64.ActiveCfg = Debug|Any CPU
		{DDA0CFAF-EB55-4490-BD79-D2238DB3BE5F}.Debug|x64.Build.0 = Debug|Any CPU
		{DDA0CFAF-EB55-4490-BD79-D2238DB3BE5F}.Debug|x86.ActiveCfg = Debug|Any CPU
		{DDA0CFAF-EB55-4490-BD79-D2238DB3BE5F}.Debug|x86.Build.0 = Debug|Any CPU
		{DDA0CFAF-EB55-4490-BD79-D2238DB3BE5F}.Release|Any CPU.ActiveCfg = Release|Any CPU
		{DDA0CFAF-EB55-4490-BD79-D2238DB3BE5F}.Release|Any CPU.Build.0 = Release|Any CPU
		{DDA0CFAF-EB55-4490-BD79-D2238DB3BE5F}.Release|x64.ActiveCfg = Release|Any CPU
		{DDA0CFAF-EB55-4490-BD79-D2238DB3BE5F}.Release|x64.Build.0 = Release|Any CPU
		{DDA0CFAF-EB55-4490-BD79-D2238DB3BE5F}.Release|x86.ActiveCfg = Release|Any CPU
		{DDA0CFAF-EB55-4490-BD79-D2238DB3BE5F}.Release|x86.Build.0 = Release|Any CPU
		{86E53DC2-692F-4D2B-A88E-7BA613F00BC8}.Debug|Any CPU.ActiveCfg = Debug|Any CPU
		{86E53DC2-692F-4D2B-A88E-7BA613F00BC8}.Debug|Any CPU.Build.0 = Debug|Any CPU
		{86E53DC2-692F-4D2B-A88E-7BA613F00BC8}.Debug|x64.ActiveCfg = Debug|Any CPU
		{86E53DC2-692F-4D2B-A88E-7BA613F00BC8}.Debug|x64.Build.0 = Debug|Any CPU
		{86E53DC2-692F-4D2B-A88E-7BA613F00BC8}.Debug|x86.ActiveCfg = Debug|Any CPU
		{86E53DC2-692F-4D2B-A88E-7BA613F00BC8}.Debug|x86.Build.0 = Debug|Any CPU
		{86E53DC2-692F-4D2B-A88E-7BA613F00BC8}.Release|Any CPU.ActiveCfg = Release|Any CPU
		{86E53DC2-692F-4D2B-A88E-7BA613F00BC8}.Release|Any CPU.Build.0 = Release|Any CPU
		{86E53DC2-692F-4D2B-A88E-7BA613F00BC8}.Release|x64.ActiveCfg = Release|Any CPU
		{86E53DC2-692F-4D2B-A88E-7BA613F00BC8}.Release|x64.Build.0 = Release|Any CPU
		{86E53DC2-692F-4D2B-A88E-7BA613F00BC8}.Release|x86.ActiveCfg = Release|Any CPU
		{86E53DC2-692F-4D2B-A88E-7BA613F00BC8}.Release|x86.Build.0 = Release|Any CPU
		{F3B0DDDC-E292-4BBE-9D4A-6251CBCEC42E}.Debug|Any CPU.ActiveCfg = Debug|Any CPU
		{F3B0DDDC-E292-4BBE-9D4A-6251CBCEC42E}.Debug|Any CPU.Build.0 = Debug|Any CPU
		{F3B0DDDC-E292-4BBE-9D4A-6251CBCEC42E}.Debug|x64.ActiveCfg = Debug|Any CPU
		{F3B0DDDC-E292-4BBE-9D4A-6251CBCEC42E}.Debug|x64.Build.0 = Debug|Any CPU
		{F3B0DDDC-E292-4BBE-9D4A-6251CBCEC42E}.Debug|x86.ActiveCfg = Debug|Any CPU
		{F3B0DDDC-E292-4BBE-9D4A-6251CBCEC42E}.Debug|x86.Build.0 = Debug|Any CPU
		{F3B0DDDC-E292-4BBE-9D4A-6251CBCEC42E}.Release|Any CPU.ActiveCfg = Release|Any CPU
		{F3B0DDDC-E292-4BBE-9D4A-6251CBCEC42E}.Release|Any CPU.Build.0 = Release|Any CPU
		{F3B0DDDC-E292-4BBE-9D4A-6251CBCEC42E}.Release|x64.ActiveCfg = Release|Any CPU
		{F3B0DDDC-E292-4BBE-9D4A-6251CBCEC42E}.Release|x64.Build.0 = Release|Any CPU
		{F3B0DDDC-E292-4BBE-9D4A-6251CBCEC42E}.Release|x86.ActiveCfg = Release|Any CPU
		{F3B0DDDC-E292-4BBE-9D4A-6251CBCEC42E}.Release|x86.Build.0 = Release|Any CPU
		{6B5B1178-F648-4975-A4E3-6AB08DA58CE8}.Debug|Any CPU.ActiveCfg = Debug|Any CPU
		{6B5B1178-F648-4975-A4E3-6AB08DA58CE8}.Debug|Any CPU.Build.0 = Debug|Any CPU
		{6B5B1178-F648-4975-A4E3-6AB08DA58CE8}.Debug|x64.ActiveCfg = Debug|Any CPU
		{6B5B1178-F648-4975-A4E3-6AB08DA58CE8}.Debug|x64.Build.0 = Debug|Any CPU
		{6B5B1178-F648-4975-A4E3-6AB08DA58CE8}.Debug|x86.ActiveCfg = Debug|Any CPU
		{6B5B1178-F648-4975-A4E3-6AB08DA58CE8}.Debug|x86.Build.0 = Debug|Any CPU
		{6B5B1178-F648-4975-A4E3-6AB08DA58CE8}.Release|Any CPU.ActiveCfg = Release|Any CPU
		{6B5B1178-F648-4975-A4E3-6AB08DA58CE8}.Release|Any CPU.Build.0 = Release|Any CPU
		{6B5B1178-F648-4975-A4E3-6AB08DA58CE8}.Release|x64.ActiveCfg = Release|Any CPU
		{6B5B1178-F648-4975-A4E3-6AB08DA58CE8}.Release|x64.Build.0 = Release|Any CPU
		{6B5B1178-F648-4975-A4E3-6AB08DA58CE8}.Release|x86.ActiveCfg = Release|Any CPU
		{6B5B1178-F648-4975-A4E3-6AB08DA58CE8}.Release|x86.Build.0 = Release|Any CPU
		{99C9FF53-7F8D-48FD-9770-6C35144E3738}.Debug|Any CPU.ActiveCfg = Debug|Any CPU
		{99C9FF53-7F8D-48FD-9770-6C35144E3738}.Debug|Any CPU.Build.0 = Debug|Any CPU
		{99C9FF53-7F8D-48FD-9770-6C35144E3738}.Debug|x64.ActiveCfg = Debug|Any CPU
		{99C9FF53-7F8D-48FD-9770-6C35144E3738}.Debug|x64.Build.0 = Debug|Any CPU
		{99C9FF53-7F8D-48FD-9770-6C35144E3738}.Debug|x86.ActiveCfg = Debug|Any CPU
		{99C9FF53-7F8D-48FD-9770-6C35144E3738}.Debug|x86.Build.0 = Debug|Any CPU
		{99C9FF53-7F8D-48FD-9770-6C35144E3738}.Release|Any CPU.ActiveCfg = Release|Any CPU
		{99C9FF53-7F8D-48FD-9770-6C35144E3738}.Release|Any CPU.Build.0 = Release|Any CPU
		{99C9FF53-7F8D-48FD-9770-6C35144E3738}.Release|x64.ActiveCfg = Release|Any CPU
		{99C9FF53-7F8D-48FD-9770-6C35144E3738}.Release|x64.Build.0 = Release|Any CPU
		{99C9FF53-7F8D-48FD-9770-6C35144E3738}.Release|x86.ActiveCfg = Release|Any CPU
		{99C9FF53-7F8D-48FD-9770-6C35144E3738}.Release|x86.Build.0 = Release|Any CPU
		{754CEDE7-B58A-4C97-9A4B-2B25B3B5242E}.Debug|Any CPU.ActiveCfg = Debug|Any CPU
		{754CEDE7-B58A-4C97-9A4B-2B25B3B5242E}.Debug|Any CPU.Build.0 = Debug|Any CPU
		{754CEDE7-B58A-4C97-9A4B-2B25B3B5242E}.Debug|x64.ActiveCfg = Debug|Any CPU
		{754CEDE7-B58A-4C97-9A4B-2B25B3B5242E}.Debug|x64.Build.0 = Debug|Any CPU
		{754CEDE7-B58A-4C97-9A4B-2B25B3B5242E}.Debug|x86.ActiveCfg = Debug|Any CPU
		{754CEDE7-B58A-4C97-9A4B-2B25B3B5242E}.Debug|x86.Build.0 = Debug|Any CPU
		{754CEDE7-B58A-4C97-9A4B-2B25B3B5242E}.Release|Any CPU.ActiveCfg = Release|Any CPU
		{754CEDE7-B58A-4C97-9A4B-2B25B3B5242E}.Release|Any CPU.Build.0 = Release|Any CPU
		{754CEDE7-B58A-4C97-9A4B-2B25B3B5242E}.Release|x64.ActiveCfg = Release|Any CPU
		{754CEDE7-B58A-4C97-9A4B-2B25B3B5242E}.Release|x64.Build.0 = Release|Any CPU
		{754CEDE7-B58A-4C97-9A4B-2B25B3B5242E}.Release|x86.ActiveCfg = Release|Any CPU
		{754CEDE7-B58A-4C97-9A4B-2B25B3B5242E}.Release|x86.Build.0 = Release|Any CPU
	EndGlobalSection
	GlobalSection(NestedProjects) = preSolution
		{AD5FACC3-BB77-40D0-983E-CD987BA25500} = {FCF04851-11BA-473B-A821-A0E235F341C3}
		{157EE6F3-EA76-4469-B665-23D9118D3603} = {FCF04851-11BA-473B-A821-A0E235F341C3}
		{12B4799A-FCD3-465D-A26A-974034FD726B} = {FCF04851-11BA-473B-A821-A0E235F341C3}
		{BF2C608E-661E-42E6-95E8-2AB692B9877C} = {E47F50E4-E482-4593-A653-D6F0C47D212A}
		{2515026E-C4C4-4035-9543-21C9457E3B8D} = {E47F50E4-E482-4593-A653-D6F0C47D212A}
		{8F7249FA-0B22-449C-89FB-5CCDEF002C6E} = {E47F50E4-E482-4593-A653-D6F0C47D212A}
		{B457871D-F2BE-4C80-A430-B68DED4A3CDE} = {E47F50E4-E482-4593-A653-D6F0C47D212A}
		{BC6495E2-41DC-42F8-AE06-9CA2EAD39FC6} = {E47F50E4-E482-4593-A653-D6F0C47D212A}
		{E39D4A0B-530F-4033-BAA0-45F8B74D7D47} = {E47F50E4-E482-4593-A653-D6F0C47D212A}
		{CF29D5DC-D456-4C02-A62D-F442F78E4364} = {E47F50E4-E482-4593-A653-D6F0C47D212A}
		{E292CA11-5D5F-4B43-8D4D-FB6DD9D4F996} = {E47F50E4-E482-4593-A653-D6F0C47D212A}
		{2AA4222A-65E8-44BC-A9E4-972B485A2770} = {E47F50E4-E482-4593-A653-D6F0C47D212A}
		{DDA0CFAF-EB55-4490-BD79-D2238DB3BE5F} = {E47F50E4-E482-4593-A653-D6F0C47D212A}
		{86E53DC2-692F-4D2B-A88E-7BA613F00BC8} = {D4CF3BAF-20A7-4345-9F5A-430FA060DAE6}
		{F3B0DDDC-E292-4BBE-9D4A-6251CBCEC42E} = {D4CF3BAF-20A7-4345-9F5A-430FA060DAE6}
		{6B5B1178-F648-4975-A4E3-6AB08DA58CE8} = {D4CF3BAF-20A7-4345-9F5A-430FA060DAE6}
		{99C9FF53-7F8D-48FD-9770-6C35144E3738} = {D4CF3BAF-20A7-4345-9F5A-430FA060DAE6}
		{754CEDE7-B58A-4C97-9A4B-2B25B3B5242E} = {D4CF3BAF-20A7-4345-9F5A-430FA060DAE6}
	EndGlobalSection
EndGlobal
