
Microsoft Visual Studio Solution File, Format Version 12.00
# Visual Studio 15
VisualStudioVersion = 15.0.26124.0
MinimumVisualStudioVersion = 15.0.26124.0
Project("{FAE04EC0-301F-11D3-BF4B-00C04F79EFBC}") = "Empty.Tests", "Empty.Tests\Empty.Tests.csproj", "{2654AC89-BBDF-4A7C-BAF7-0893D8C22071}"
EndProject
Project("{2150E333-8FDC-42A3-9474-1A3956D46DE8}") = "Libs", "Libs", "{670653E4-C7D2-465F-8702-B9DD90BDB882}"
EndProject
Project("{FAE04EC0-301F-11D3-BF4B-00C04F79EFBC}") = "Turquoise.Common", "Libs\Turquoise.Common\Turquoise.Common.csproj", "{6128201F-8683-4263-BCB0-995879362F2D}"
EndProject
Project("{FAE04EC0-301F-11D3-BF4B-00C04F79EFBC}") = "Turquoise.Common.Mongo", "Libs\Turquoise.Common.Mongo\Turquoise.Common.Mongo.csproj", "{049F979C-7DCB-4993-BB86-2E355AE4DD28}"
EndProject
Project("{FAE04EC0-301F-11D3-BF4B-00C04F79EFBC}") = "Turquoise.Common.Scheduler", "Libs\Turquoise.Common.Scheduler\Turquoise.Common.Scheduler.csproj", "{8EB3B96E-78F1-4437-84F1-270A7A12F0BD}"
EndProject
Project("{FAE04EC0-301F-11D3-BF4B-00C04F79EFBC}") = "Turquoise.K8sServices", "Libs\Turquoise.K8sServices\Turquoise.K8sServices.csproj", "{52970C5B-40EB-4BD5-BE04-918229C9EA5B}"
EndProject
Project("{FAE04EC0-301F-11D3-BF4B-00C04F79EFBC}") = "Turquoise.Models", "Libs\Turquoise.Models\Turquoise.Models.csproj", "{5CAC63B3-A65B-4D42-A5A0-11D1C2C9D5F7}"
EndProject
Project("{FAE04EC0-301F-11D3-BF4B-00C04F79EFBC}") = "Turquoise.Api.HealthMonitoring", "Turquoise.Api.HealthMonitoring\Turquoise.Api.HealthMonitoring.csproj", "{2AD26A79-1451-43C5-8E43-852BC33D56D4}"
EndProject
Project("{FAE04EC0-301F-11D3-BF4B-00C04F79EFBC}") = "Turquoise.Api.HealthMonitoring.Tests", "Turquoise.Api.HealthMonitoring.Tests\Turquoise.Api.HealthMonitoring.Tests.csproj", "{8CAD0AF6-DC36-46C5-8C51-82622F655C0C}"
EndProject
Project("{2150E333-8FDC-42A3-9474-1A3956D46DE8}") = "Workers", "Workers", "{EC8E09AE-2667-4820-A039-3D5D58AF820A}"
EndProject
Project("{FAE04EC0-301F-11D3-BF4B-00C04F79EFBC}") = "Turquoise.Worker.Comms", "Workers\Turquoise.Worker.Comms\Turquoise.Worker.Comms.csproj", "{AC51C7CA-EC2B-4A39-9845-AF996259B7B0}"
EndProject
Project("{FAE04EC0-301F-11D3-BF4B-00C04F79EFBC}") = "Turquoise.Worker.Comms.Tests", "Workers\Turquoise.Worker.Comms.Tests\Turquoise.Worker.Comms.Tests.csproj", "{ED48EA8F-168A-4944-942E-C00FBBAB8CDA}"
EndProject
Project("{FAE04EC0-301F-11D3-BF4B-00C04F79EFBC}") = "Turquoise.Worker.HealthChecker", "Workers\Turquoise.Worker.HealthChecker\Turquoise.Worker.HealthChecker.csproj", "{F1597E79-E09F-4416-B689-93700EEC3289}"
EndProject
Project("{FAE04EC0-301F-11D3-BF4B-00C04F79EFBC}") = "Turquoise.Worker.HealthChecker.Tests", "Workers\Turquoise.Worker.HealthChecker.Tests\Turquoise.Worker.HealthChecker.Tests.csproj", "{1912B483-D7B3-4E29-9A9F-B593D0F732A0}"
EndProject
Project("{FAE04EC0-301F-11D3-BF4B-00C04F79EFBC}") = "Turquoise.Worker.Scaler", "Workers\Turquoise.Worker.Scaler\Turquoise.Worker.Scaler.csproj", "{5C3FFDD4-EAEE-488B-A682-5336C9870694}"
EndProject
Project("{FAE04EC0-301F-11D3-BF4B-00C04F79EFBC}") = "Turquoise.Worker.Scaler.Tests", "Workers\Turquoise.Worker.Scaler.Tests\Turquoise.Worker.Scaler.Tests.csproj", "{4C215D9C-8513-4E20-B2CC-56D5593ACCF5}"
EndProject
Project("{FAE04EC0-301F-11D3-BF4B-00C04F79EFBC}") = "Turquoise.Worker.Scheduler", "Workers\Turquoise.Worker.Scheduler\Turquoise.Worker.Scheduler.csproj", "{CA2E9D74-DCD7-4CB6-8E14-DF9536A628F2}"
EndProject
Project("{FAE04EC0-301F-11D3-BF4B-00C04F79EFBC}") = "Turquoise.Worker.Scheduler.Tests", "Workers\Turquoise.Worker.Scheduler.Tests\Turquoise.Worker.Scheduler.Tests.csproj", "{C77C1A6C-FDB1-4602-AD32-DA1C53020F4C}"
EndProject
Project("{FAE04EC0-301F-11D3-BF4B-00C04F79EFBC}") = "Turquoise.Worker.Sync", "Workers\Turquoise.Worker.Sync\Turquoise.Worker.Sync.csproj", "{76A75072-DE4C-4534-B19C-F0BC9F6EA8D4}"
EndProject
Project("{FAE04EC0-301F-11D3-BF4B-00C04F79EFBC}") = "Turquoise.Worker.Sync.Tests", "Workers\Turquoise.Worker.Sync.Tests\Turquoise.Worker.Sync.Tests.csproj", "{814D85AA-F0CD-484E-BA07-B8A02591A66D}"
EndProject
Global
	GlobalSection(SolutionConfigurationPlatforms) = preSolution
		Debug|Any CPU = Debug|Any CPU
		Debug|x64 = Debug|x64
		Debug|x86 = Debug|x86
		Release|Any CPU = Release|Any CPU
		Release|x64 = Release|x64
		Release|x86 = Release|x86
	EndGlobalSection
	GlobalSection(SolutionProperties) = preSolution
		HideSolutionNode = FALSE
	EndGlobalSection
	GlobalSection(ProjectConfigurationPlatforms) = postSolution
		{2654AC89-BBDF-4A7C-BAF7-0893D8C22071}.Debug|Any CPU.ActiveCfg = Debug|Any CPU
		{2654AC89-BBDF-4A7C-BAF7-0893D8C22071}.Debug|Any CPU.Build.0 = Debug|Any CPU
		{2654AC89-BBDF-4A7C-BAF7-0893D8C22071}.Debug|x64.ActiveCfg = Debug|Any CPU
		{2654AC89-BBDF-4A7C-BAF7-0893D8C22071}.Debug|x64.Build.0 = Debug|Any CPU
		{2654AC89-BBDF-4A7C-BAF7-0893D8C22071}.Debug|x86.ActiveCfg = Debug|Any CPU
		{2654AC89-BBDF-4A7C-BAF7-0893D8C22071}.Debug|x86.Build.0 = Debug|Any CPU
		{2654AC89-BBDF-4A7C-BAF7-0893D8C22071}.Release|Any CPU.ActiveCfg = Release|Any CPU
		{2654AC89-BBDF-4A7C-BAF7-0893D8C22071}.Release|Any CPU.Build.0 = Release|Any CPU
		{2654AC89-BBDF-4A7C-BAF7-0893D8C22071}.Release|x64.ActiveCfg = Release|Any CPU
		{2654AC89-BBDF-4A7C-BAF7-0893D8C22071}.Release|x64.Build.0 = Release|Any CPU
		{2654AC89-BBDF-4A7C-BAF7-0893D8C22071}.Release|x86.ActiveCfg = Release|Any CPU
		{2654AC89-BBDF-4A7C-BAF7-0893D8C22071}.Release|x86.Build.0 = Release|Any CPU
		{6128201F-8683-4263-BCB0-995879362F2D}.Debug|Any CPU.ActiveCfg = Debug|Any CPU
		{6128201F-8683-4263-BCB0-995879362F2D}.Debug|Any CPU.Build.0 = Debug|Any CPU
		{6128201F-8683-4263-BCB0-995879362F2D}.Debug|x64.ActiveCfg = Debug|Any CPU
		{6128201F-8683-4263-BCB0-995879362F2D}.Debug|x64.Build.0 = Debug|Any CPU
		{6128201F-8683-4263-BCB0-995879362F2D}.Debug|x86.ActiveCfg = Debug|Any CPU
		{6128201F-8683-4263-BCB0-995879362F2D}.Debug|x86.Build.0 = Debug|Any CPU
		{6128201F-8683-4263-BCB0-995879362F2D}.Release|Any CPU.ActiveCfg = Release|Any CPU
		{6128201F-8683-4263-BCB0-995879362F2D}.Release|Any CPU.Build.0 = Release|Any CPU
		{6128201F-8683-4263-BCB0-995879362F2D}.Release|x64.ActiveCfg = Release|Any CPU
		{6128201F-8683-4263-BCB0-995879362F2D}.Release|x64.Build.0 = Release|Any CPU
		{6128201F-8683-4263-BCB0-995879362F2D}.Release|x86.ActiveCfg = Release|Any CPU
		{6128201F-8683-4263-BCB0-995879362F2D}.Release|x86.Build.0 = Release|Any CPU
		{049F979C-7DCB-4993-BB86-2E355AE4DD28}.Debug|Any CPU.ActiveCfg = Debug|Any CPU
		{049F979C-7DCB-4993-BB86-2E355AE4DD28}.Debug|Any CPU.Build.0 = Debug|Any CPU
		{049F979C-7DCB-4993-BB86-2E355AE4DD28}.Debug|x64.ActiveCfg = Debug|Any CPU
		{049F979C-7DCB-4993-BB86-2E355AE4DD28}.Debug|x64.Build.0 = Debug|Any CPU
		{049F979C-7DCB-4993-BB86-2E355AE4DD28}.Debug|x86.ActiveCfg = Debug|Any CPU
		{049F979C-7DCB-4993-BB86-2E355AE4DD28}.Debug|x86.Build.0 = Debug|Any CPU
		{049F979C-7DCB-4993-BB86-2E355AE4DD28}.Release|Any CPU.ActiveCfg = Release|Any CPU
		{049F979C-7DCB-4993-BB86-2E355AE4DD28}.Release|Any CPU.Build.0 = Release|Any CPU
		{049F979C-7DCB-4993-BB86-2E355AE4DD28}.Release|x64.ActiveCfg = Release|Any CPU
		{049F979C-7DCB-4993-BB86-2E355AE4DD28}.Release|x64.Build.0 = Release|Any CPU
		{049F979C-7DCB-4993-BB86-2E355AE4DD28}.Release|x86.ActiveCfg = Release|Any CPU
		{049F979C-7DCB-4993-BB86-2E355AE4DD28}.Release|x86.Build.0 = Release|Any CPU
		{8EB3B96E-78F1-4437-84F1-270A7A12F0BD}.Debug|Any CPU.ActiveCfg = Debug|Any CPU
		{8EB3B96E-78F1-4437-84F1-270A7A12F0BD}.Debug|Any CPU.Build.0 = Debug|Any CPU
		{8EB3B96E-78F1-4437-84F1-270A7A12F0BD}.Debug|x64.ActiveCfg = Debug|Any CPU
		{8EB3B96E-78F1-4437-84F1-270A7A12F0BD}.Debug|x64.Build.0 = Debug|Any CPU
		{8EB3B96E-78F1-4437-84F1-270A7A12F0BD}.Debug|x86.ActiveCfg = Debug|Any CPU
		{8EB3B96E-78F1-4437-84F1-270A7A12F0BD}.Debug|x86.Build.0 = Debug|Any CPU
		{8EB3B96E-78F1-4437-84F1-270A7A12F0BD}.Release|Any CPU.ActiveCfg = Release|Any CPU
		{8EB3B96E-78F1-4437-84F1-270A7A12F0BD}.Release|Any CPU.Build.0 = Release|Any CPU
		{8EB3B96E-78F1-4437-84F1-270A7A12F0BD}.Release|x64.ActiveCfg = Release|Any CPU
		{8EB3B96E-78F1-4437-84F1-270A7A12F0BD}.Release|x64.Build.0 = Release|Any CPU
		{8EB3B96E-78F1-4437-84F1-270A7A12F0BD}.Release|x86.ActiveCfg = Release|Any CPU
		{8EB3B96E-78F1-4437-84F1-270A7A12F0BD}.Release|x86.Build.0 = Release|Any CPU
		{52970C5B-40EB-4BD5-BE04-918229C9EA5B}.Debug|Any CPU.ActiveCfg = Debug|Any CPU
		{52970C5B-40EB-4BD5-BE04-918229C9EA5B}.Debug|Any CPU.Build.0 = Debug|Any CPU
		{52970C5B-40EB-4BD5-BE04-918229C9EA5B}.Debug|x64.ActiveCfg = Debug|Any CPU
		{52970C5B-40EB-4BD5-BE04-918229C9EA5B}.Debug|x64.Build.0 = Debug|Any CPU
		{52970C5B-40EB-4BD5-BE04-918229C9EA5B}.Debug|x86.ActiveCfg = Debug|Any CPU
		{52970C5B-40EB-4BD5-BE04-918229C9EA5B}.Debug|x86.Build.0 = Debug|Any CPU
		{52970C5B-40EB-4BD5-BE04-918229C9EA5B}.Release|Any CPU.ActiveCfg = Release|Any CPU
		{52970C5B-40EB-4BD5-BE04-918229C9EA5B}.Release|Any CPU.Build.0 = Release|Any CPU
		{52970C5B-40EB-4BD5-BE04-918229C9EA5B}.Release|x64.ActiveCfg = Release|Any CPU
		{52970C5B-40EB-4BD5-BE04-918229C9EA5B}.Release|x64.Build.0 = Release|Any CPU
		{52970C5B-40EB-4BD5-BE04-918229C9EA5B}.Release|x86.ActiveCfg = Release|Any CPU
		{52970C5B-40EB-4BD5-BE04-918229C9EA5B}.Release|x86.Build.0 = Release|Any CPU
		{5CAC63B3-A65B-4D42-A5A0-11D1C2C9D5F7}.Debug|Any CPU.ActiveCfg = Debug|Any CPU
		{5CAC63B3-A65B-4D42-A5A0-11D1C2C9D5F7}.Debug|Any CPU.Build.0 = Debug|Any CPU
		{5CAC63B3-A65B-4D42-A5A0-11D1C2C9D5F7}.Debug|x64.ActiveCfg = Debug|Any CPU
		{5CAC63B3-A65B-4D42-A5A0-11D1C2C9D5F7}.Debug|x64.Build.0 = Debug|Any CPU
		{5CAC63B3-A65B-4D42-A5A0-11D1C2C9D5F7}.Debug|x86.ActiveCfg = Debug|Any CPU
		{5CAC63B3-A65B-4D42-A5A0-11D1C2C9D5F7}.Debug|x86.Build.0 = Debug|Any CPU
		{5CAC63B3-A65B-4D42-A5A0-11D1C2C9D5F7}.Release|Any CPU.ActiveCfg = Release|Any CPU
		{5CAC63B3-A65B-4D42-A5A0-11D1C2C9D5F7}.Release|Any CPU.Build.0 = Release|Any CPU
		{5CAC63B3-A65B-4D42-A5A0-11D1C2C9D5F7}.Release|x64.ActiveCfg = Release|Any CPU
		{5CAC63B3-A65B-4D42-A5A0-11D1C2C9D5F7}.Release|x64.Build.0 = Release|Any CPU
		{5CAC63B3-A65B-4D42-A5A0-11D1C2C9D5F7}.Release|x86.ActiveCfg = Release|Any CPU
		{5CAC63B3-A65B-4D42-A5A0-11D1C2C9D5F7}.Release|x86.Build.0 = Release|Any CPU
		{2AD26A79-1451-43C5-8E43-852BC33D56D4}.Debug|Any CPU.ActiveCfg = Debug|Any CPU
		{2AD26A79-1451-43C5-8E43-852BC33D56D4}.Debug|Any CPU.Build.0 = Debug|Any CPU
		{2AD26A79-1451-43C5-8E43-852BC33D56D4}.Debug|x64.ActiveCfg = Debug|Any CPU
		{2AD26A79-1451-43C5-8E43-852BC33D56D4}.Debug|x64.Build.0 = Debug|Any CPU
		{2AD26A79-1451-43C5-8E43-852BC33D56D4}.Debug|x86.ActiveCfg = Debug|Any CPU
		{2AD26A79-1451-43C5-8E43-852BC33D56D4}.Debug|x86.Build.0 = Debug|Any CPU
		{2AD26A79-1451-43C5-8E43-852BC33D56D4}.Release|Any CPU.ActiveCfg = Release|Any CPU
		{2AD26A79-1451-43C5-8E43-852BC33D56D4}.Release|Any CPU.Build.0 = Release|Any CPU
		{2AD26A79-1451-43C5-8E43-852BC33D56D4}.Release|x64.ActiveCfg = Release|Any CPU
		{2AD26A79-1451-43C5-8E43-852BC33D56D4}.Release|x64.Build.0 = Release|Any CPU
		{2AD26A79-1451-43C5-8E43-852BC33D56D4}.Release|x86.ActiveCfg = Release|Any CPU
		{2AD26A79-1451-43C5-8E43-852BC33D56D4}.Release|x86.Build.0 = Release|Any CPU
		{8CAD0AF6-DC36-46C5-8C51-82622F655C0C}.Debug|Any CPU.ActiveCfg = Debug|Any CPU
		{8CAD0AF6-DC36-46C5-8C51-82622F655C0C}.Debug|Any CPU.Build.0 = Debug|Any CPU
		{8CAD0AF6-DC36-46C5-8C51-82622F655C0C}.Debug|x64.ActiveCfg = Debug|Any CPU
		{8CAD0AF6-DC36-46C5-8C51-82622F655C0C}.Debug|x64.Build.0 = Debug|Any CPU
		{8CAD0AF6-DC36-46C5-8C51-82622F655C0C}.Debug|x86.ActiveCfg = Debug|Any CPU
		{8CAD0AF6-DC36-46C5-8C51-82622F655C0C}.Debug|x86.Build.0 = Debug|Any CPU
		{8CAD0AF6-DC36-46C5-8C51-82622F655C0C}.Release|Any CPU.ActiveCfg = Release|Any CPU
		{8CAD0AF6-DC36-46C5-8C51-82622F655C0C}.Release|Any CPU.Build.0 = Release|Any CPU
		{8CAD0AF6-DC36-46C5-8C51-82622F655C0C}.Release|x64.ActiveCfg = Release|Any CPU
		{8CAD0AF6-DC36-46C5-8C51-82622F655C0C}.Release|x64.Build.0 = Release|Any CPU
		{8CAD0AF6-DC36-46C5-8C51-82622F655C0C}.Release|x86.ActiveCfg = Release|Any CPU
		{8CAD0AF6-DC36-46C5-8C51-82622F655C0C}.Release|x86.Build.0 = Release|Any CPU
		{AC51C7CA-EC2B-4A39-9845-AF996259B7B0}.Debug|Any CPU.ActiveCfg = Debug|Any CPU
		{AC51C7CA-EC2B-4A39-9845-AF996259B7B0}.Debug|Any CPU.Build.0 = Debug|Any CPU
		{AC51C7CA-EC2B-4A39-9845-AF996259B7B0}.Debug|x64.ActiveCfg = Debug|Any CPU
		{AC51C7CA-EC2B-4A39-9845-AF996259B7B0}.Debug|x64.Build.0 = Debug|Any CPU
		{AC51C7CA-EC2B-4A39-9845-AF996259B7B0}.Debug|x86.ActiveCfg = Debug|Any CPU
		{AC51C7CA-EC2B-4A39-9845-AF996259B7B0}.Debug|x86.Build.0 = Debug|Any CPU
		{AC51C7CA-EC2B-4A39-9845-AF996259B7B0}.Release|Any CPU.ActiveCfg = Release|Any CPU
		{AC51C7CA-EC2B-4A39-9845-AF996259B7B0}.Release|Any CPU.Build.0 = Release|Any CPU
		{AC51C7CA-EC2B-4A39-9845-AF996259B7B0}.Release|x64.ActiveCfg = Release|Any CPU
		{AC51C7CA-EC2B-4A39-9845-AF996259B7B0}.Release|x64.Build.0 = Release|Any CPU
		{AC51C7CA-EC2B-4A39-9845-AF996259B7B0}.Release|x86.ActiveCfg = Release|Any CPU
		{AC51C7CA-EC2B-4A39-9845-AF996259B7B0}.Release|x86.Build.0 = Release|Any CPU
		{ED48EA8F-168A-4944-942E-C00FBBAB8CDA}.Debug|Any CPU.ActiveCfg = Debug|Any CPU
		{ED48EA8F-168A-4944-942E-C00FBBAB8CDA}.Debug|Any CPU.Build.0 = Debug|Any CPU
		{ED48EA8F-168A-4944-942E-C00FBBAB8CDA}.Debug|x64.ActiveCfg = Debug|Any CPU
		{ED48EA8F-168A-4944-942E-C00FBBAB8CDA}.Debug|x64.Build.0 = Debug|Any CPU
		{ED48EA8F-168A-4944-942E-C00FBBAB8CDA}.Debug|x86.ActiveCfg = Debug|Any CPU
		{ED48EA8F-168A-4944-942E-C00FBBAB8CDA}.Debug|x86.Build.0 = Debug|Any CPU
		{ED48EA8F-168A-4944-942E-C00FBBAB8CDA}.Release|Any CPU.ActiveCfg = Release|Any CPU
		{ED48EA8F-168A-4944-942E-C00FBBAB8CDA}.Release|Any CPU.Build.0 = Release|Any CPU
		{ED48EA8F-168A-4944-942E-C00FBBAB8CDA}.Release|x64.ActiveCfg = Release|Any CPU
		{ED48EA8F-168A-4944-942E-C00FBBAB8CDA}.Release|x64.Build.0 = Release|Any CPU
		{ED48EA8F-168A-4944-942E-C00FBBAB8CDA}.Release|x86.ActiveCfg = Release|Any CPU
		{ED48EA8F-168A-4944-942E-C00FBBAB8CDA}.Release|x86.Build.0 = Release|Any CPU
		{F1597E79-E09F-4416-B689-93700EEC3289}.Debug|Any CPU.ActiveCfg = Debug|Any CPU
		{F1597E79-E09F-4416-B689-93700EEC3289}.Debug|Any CPU.Build.0 = Debug|Any CPU
		{F1597E79-E09F-4416-B689-93700EEC3289}.Debug|x64.ActiveCfg = Debug|Any CPU
		{F1597E79-E09F-4416-B689-93700EEC3289}.Debug|x64.Build.0 = Debug|Any CPU
		{F1597E79-E09F-4416-B689-93700EEC3289}.Debug|x86.ActiveCfg = Debug|Any CPU
		{F1597E79-E09F-4416-B689-93700EEC3289}.Debug|x86.Build.0 = Debug|Any CPU
		{F1597E79-E09F-4416-B689-93700EEC3289}.Release|Any CPU.ActiveCfg = Release|Any CPU
		{F1597E79-E09F-4416-B689-93700EEC3289}.Release|Any CPU.Build.0 = Release|Any CPU
		{F1597E79-E09F-4416-B689-93700EEC3289}.Release|x64.ActiveCfg = Release|Any CPU
		{F1597E79-E09F-4416-B689-93700EEC3289}.Release|x64.Build.0 = Release|Any CPU
		{F1597E79-E09F-4416-B689-93700EEC3289}.Release|x86.ActiveCfg = Release|Any CPU
		{F1597E79-E09F-4416-B689-93700EEC3289}.Release|x86.Build.0 = Release|Any CPU
		{1912B483-D7B3-4E29-9A9F-B593D0F732A0}.Debug|Any CPU.ActiveCfg = Debug|Any CPU
		{1912B483-D7B3-4E29-9A9F-B593D0F732A0}.Debug|Any CPU.Build.0 = Debug|Any CPU
		{1912B483-D7B3-4E29-9A9F-B593D0F732A0}.Debug|x64.ActiveCfg = Debug|Any CPU
		{1912B483-D7B3-4E29-9A9F-B593D0F732A0}.Debug|x64.Build.0 = Debug|Any CPU
		{1912B483-D7B3-4E29-9A9F-B593D0F732A0}.Debug|x86.ActiveCfg = Debug|Any CPU
		{1912B483-D7B3-4E29-9A9F-B593D0F732A0}.Debug|x86.Build.0 = Debug|Any CPU
		{1912B483-D7B3-4E29-9A9F-B593D0F732A0}.Release|Any CPU.ActiveCfg = Release|Any CPU
		{1912B483-D7B3-4E29-9A9F-B593D0F732A0}.Release|Any CPU.Build.0 = Release|Any CPU
		{1912B483-D7B3-4E29-9A9F-B593D0F732A0}.Release|x64.ActiveCfg = Release|Any CPU
		{1912B483-D7B3-4E29-9A9F-B593D0F732A0}.Release|x64.Build.0 = Release|Any CPU
		{1912B483-D7B3-4E29-9A9F-B593D0F732A0}.Release|x86.ActiveCfg = Release|Any CPU
		{1912B483-D7B3-4E29-9A9F-B593D0F732A0}.Release|x86.Build.0 = Release|Any CPU
		{5C3FFDD4-EAEE-488B-A682-5336C9870694}.Debug|Any CPU.ActiveCfg = Debug|Any CPU
		{5C3FFDD4-EAEE-488B-A682-5336C9870694}.Debug|Any CPU.Build.0 = Debug|Any CPU
		{5C3FFDD4-EAEE-488B-A682-5336C9870694}.Debug|x64.ActiveCfg = Debug|Any CPU
		{5C3FFDD4-EAEE-488B-A682-5336C9870694}.Debug|x64.Build.0 = Debug|Any CPU
		{5C3FFDD4-EAEE-488B-A682-5336C9870694}.Debug|x86.ActiveCfg = Debug|Any CPU
		{5C3FFDD4-EAEE-488B-A682-5336C9870694}.Debug|x86.Build.0 = Debug|Any CPU
		{5C3FFDD4-EAEE-488B-A682-5336C9870694}.Release|Any CPU.ActiveCfg = Release|Any CPU
		{5C3FFDD4-EAEE-488B-A682-5336C9870694}.Release|Any CPU.Build.0 = Release|Any CPU
		{5C3FFDD4-EAEE-488B-A682-5336C9870694}.Release|x64.ActiveCfg = Release|Any CPU
		{5C3FFDD4-EAEE-488B-A682-5336C9870694}.Release|x64.Build.0 = Release|Any CPU
		{5C3FFDD4-EAEE-488B-A682-5336C9870694}.Release|x86.ActiveCfg = Release|Any CPU
		{5C3FFDD4-EAEE-488B-A682-5336C9870694}.Release|x86.Build.0 = Release|Any CPU
		{4C215D9C-8513-4E20-B2CC-56D5593ACCF5}.Debug|Any CPU.ActiveCfg = Debug|Any CPU
		{4C215D9C-8513-4E20-B2CC-56D5593ACCF5}.Debug|Any CPU.Build.0 = Debug|Any CPU
		{4C215D9C-8513-4E20-B2CC-56D5593ACCF5}.Debug|x64.ActiveCfg = Debug|Any CPU
		{4C215D9C-8513-4E20-B2CC-56D5593ACCF5}.Debug|x64.Build.0 = Debug|Any CPU
		{4C215D9C-8513-4E20-B2CC-56D5593ACCF5}.Debug|x86.ActiveCfg = Debug|Any CPU
		{4C215D9C-8513-4E20-B2CC-56D5593ACCF5}.Debug|x86.Build.0 = Debug|Any CPU
		{4C215D9C-8513-4E20-B2CC-56D5593ACCF5}.Release|Any CPU.ActiveCfg = Release|Any CPU
		{4C215D9C-8513-4E20-B2CC-56D5593ACCF5}.Release|Any CPU.Build.0 = Release|Any CPU
		{4C215D9C-8513-4E20-B2CC-56D5593ACCF5}.Release|x64.ActiveCfg = Release|Any CPU
		{4C215D9C-8513-4E20-B2CC-56D5593ACCF5}.Release|x64.Build.0 = Release|Any CPU
		{4C215D9C-8513-4E20-B2CC-56D5593ACCF5}.Release|x86.ActiveCfg = Release|Any CPU
		{4C215D9C-8513-4E20-B2CC-56D5593ACCF5}.Release|x86.Build.0 = Release|Any CPU
		{CA2E9D74-DCD7-4CB6-8E14-DF9536A628F2}.Debug|Any CPU.ActiveCfg = Debug|Any CPU
		{CA2E9D74-DCD7-4CB6-8E14-DF9536A628F2}.Debug|Any CPU.Build.0 = Debug|Any CPU
		{CA2E9D74-DCD7-4CB6-8E14-DF9536A628F2}.Debug|x64.ActiveCfg = Debug|Any CPU
		{CA2E9D74-DCD7-4CB6-8E14-DF9536A628F2}.Debug|x64.Build.0 = Debug|Any CPU
		{CA2E9D74-DCD7-4CB6-8E14-DF9536A628F2}.Debug|x86.ActiveCfg = Debug|Any CPU
		{CA2E9D74-DCD7-4CB6-8E14-DF9536A628F2}.Debug|x86.Build.0 = Debug|Any CPU
		{CA2E9D74-DCD7-4CB6-8E14-DF9536A628F2}.Release|Any CPU.ActiveCfg = Release|Any CPU
		{CA2E9D74-DCD7-4CB6-8E14-DF9536A628F2}.Release|Any CPU.Build.0 = Release|Any CPU
		{CA2E9D74-DCD7-4CB6-8E14-DF9536A628F2}.Release|x64.ActiveCfg = Release|Any CPU
		{CA2E9D74-DCD7-4CB6-8E14-DF9536A628F2}.Release|x64.Build.0 = Release|Any CPU
		{CA2E9D74-DCD7-4CB6-8E14-DF9536A628F2}.Release|x86.ActiveCfg = Release|Any CPU
		{CA2E9D74-DCD7-4CB6-8E14-DF9536A628F2}.Release|x86.Build.0 = Release|Any CPU
		{C77C1A6C-FDB1-4602-AD32-DA1C53020F4C}.Debug|Any CPU.ActiveCfg = Debug|Any CPU
		{C77C1A6C-FDB1-4602-AD32-DA1C53020F4C}.Debug|Any CPU.Build.0 = Debug|Any CPU
		{C77C1A6C-FDB1-4602-AD32-DA1C53020F4C}.Debug|x64.ActiveCfg = Debug|Any CPU
		{C77C1A6C-FDB1-4602-AD32-DA1C53020F4C}.Debug|x64.Build.0 = Debug|Any CPU
		{C77C1A6C-FDB1-4602-AD32-DA1C53020F4C}.Debug|x86.ActiveCfg = Debug|Any CPU
		{C77C1A6C-FDB1-4602-AD32-DA1C53020F4C}.Debug|x86.Build.0 = Debug|Any CPU
		{C77C1A6C-FDB1-4602-AD32-DA1C53020F4C}.Release|Any CPU.ActiveCfg = Release|Any CPU
		{C77C1A6C-FDB1-4602-AD32-DA1C53020F4C}.Release|Any CPU.Build.0 = Release|Any CPU
		{C77C1A6C-FDB1-4602-AD32-DA1C53020F4C}.Release|x64.ActiveCfg = Release|Any CPU
		{C77C1A6C-FDB1-4602-AD32-DA1C53020F4C}.Release|x64.Build.0 = Release|Any CPU
		{C77C1A6C-FDB1-4602-AD32-DA1C53020F4C}.Release|x86.ActiveCfg = Release|Any CPU
		{C77C1A6C-FDB1-4602-AD32-DA1C53020F4C}.Release|x86.Build.0 = Release|Any CPU
		{76A75072-DE4C-4534-B19C-F0BC9F6EA8D4}.Debug|Any CPU.ActiveCfg = Debug|Any CPU
		{76A75072-DE4C-4534-B19C-F0BC9F6EA8D4}.Debug|Any CPU.Build.0 = Debug|Any CPU
		{76A75072-DE4C-4534-B19C-F0BC9F6EA8D4}.Debug|x64.ActiveCfg = Debug|Any CPU
		{76A75072-DE4C-4534-B19C-F0BC9F6EA8D4}.Debug|x64.Build.0 = Debug|Any CPU
		{76A75072-DE4C-4534-B19C-F0BC9F6EA8D4}.Debug|x86.ActiveCfg = Debug|Any CPU
		{76A75072-DE4C-4534-B19C-F0BC9F6EA8D4}.Debug|x86.Build.0 = Debug|Any CPU
		{76A75072-DE4C-4534-B19C-F0BC9F6EA8D4}.Release|Any CPU.ActiveCfg = Release|Any CPU
		{76A75072-DE4C-4534-B19C-F0BC9F6EA8D4}.Release|Any CPU.Build.0 = Release|Any CPU
		{76A75072-DE4C-4534-B19C-F0BC9F6EA8D4}.Release|x64.ActiveCfg = Release|Any CPU
		{76A75072-DE4C-4534-B19C-F0BC9F6EA8D4}.Release|x64.Build.0 = Release|Any CPU
		{76A75072-DE4C-4534-B19C-F0BC9F6EA8D4}.Release|x86.ActiveCfg = Release|Any CPU
		{76A75072-DE4C-4534-B19C-F0BC9F6EA8D4}.Release|x86.Build.0 = Release|Any CPU
		{814D85AA-F0CD-484E-BA07-B8A02591A66D}.Debug|Any CPU.ActiveCfg = Debug|Any CPU
		{814D85AA-F0CD-484E-BA07-B8A02591A66D}.Debug|Any CPU.Build.0 = Debug|Any CPU
		{814D85AA-F0CD-484E-BA07-B8A02591A66D}.Debug|x64.ActiveCfg = Debug|Any CPU
		{814D85AA-F0CD-484E-BA07-B8A02591A66D}.Debug|x64.Build.0 = Debug|Any CPU
		{814D85AA-F0CD-484E-BA07-B8A02591A66D}.Debug|x86.ActiveCfg = Debug|Any CPU
		{814D85AA-F0CD-484E-BA07-B8A02591A66D}.Debug|x86.Build.0 = Debug|Any CPU
		{814D85AA-F0CD-484E-BA07-B8A02591A66D}.Release|Any CPU.ActiveCfg = Release|Any CPU
		{814D85AA-F0CD-484E-BA07-B8A02591A66D}.Release|Any CPU.Build.0 = Release|Any CPU
		{814D85AA-F0CD-484E-BA07-B8A02591A66D}.Release|x64.ActiveCfg = Release|Any CPU
		{814D85AA-F0CD-484E-BA07-B8A02591A66D}.Release|x64.Build.0 = Release|Any CPU
		{814D85AA-F0CD-484E-BA07-B8A02591A66D}.Release|x86.ActiveCfg = Release|Any CPU
		{814D85AA-F0CD-484E-BA07-B8A02591A66D}.Release|x86.Build.0 = Release|Any CPU
	EndGlobalSection
	GlobalSection(NestedProjects) = preSolution
		{6128201F-8683-4263-BCB0-995879362F2D} = {670653E4-C7D2-465F-8702-B9DD90BDB882}
		{049F979C-7DCB-4993-BB86-2E355AE4DD28} = {670653E4-C7D2-465F-8702-B9DD90BDB882}
		{8EB3B96E-78F1-4437-84F1-270A7A12F0BD} = {670653E4-C7D2-465F-8702-B9DD90BDB882}
		{52970C5B-40EB-4BD5-BE04-918229C9EA5B} = {670653E4-C7D2-465F-8702-B9DD90BDB882}
		{5CAC63B3-A65B-4D42-A5A0-11D1C2C9D5F7} = {670653E4-C7D2-465F-8702-B9DD90BDB882}
		{AC51C7CA-EC2B-4A39-9845-AF996259B7B0} = {EC8E09AE-2667-4820-A039-3D5D58AF820A}
		{ED48EA8F-168A-4944-942E-C00FBBAB8CDA} = {EC8E09AE-2667-4820-A039-3D5D58AF820A}
		{F1597E79-E09F-4416-B689-93700EEC3289} = {EC8E09AE-2667-4820-A039-3D5D58AF820A}
		{1912B483-D7B3-4E29-9A9F-B593D0F732A0} = {EC8E09AE-2667-4820-A039-3D5D58AF820A}
		{5C3FFDD4-EAEE-488B-A682-5336C9870694} = {EC8E09AE-2667-4820-A039-3D5D58AF820A}
		{4C215D9C-8513-4E20-B2CC-56D5593ACCF5} = {EC8E09AE-2667-4820-A039-3D5D58AF820A}
		{CA2E9D74-DCD7-4CB6-8E14-DF9536A628F2} = {EC8E09AE-2667-4820-A039-3D5D58AF820A}
		{C77C1A6C-FDB1-4602-AD32-DA1C53020F4C} = {EC8E09AE-2667-4820-A039-3D5D58AF820A}
		{76A75072-DE4C-4534-B19C-F0BC9F6EA8D4} = {EC8E09AE-2667-4820-A039-3D5D58AF820A}
		{814D85AA-F0CD-484E-BA07-B8A02591A66D} = {EC8E09AE-2667-4820-A039-3D5D58AF820A}
	EndGlobalSection
EndGlobal
