
Microsoft Visual Studio Solution File, Format Version 12.00
# Visual Studio Version 17
VisualStudioVersion = 17.0.31903.59
MinimumVisualStudioVersion = 10.0.40219.1
Project("{FAE04EC0-301F-11D3-BF4B-00C04F79EFBC}") = "Turquoise.HealthChecks.ServiceBus", "Turquoise.HealthChecks.ServiceBus.csproj", "{4EF2536A-BBE8-468E-BDDC-BF58BDC81EDC}"
EndProject
Project("{FAE04EC0-301F-11D3-BF4B-00C04F79EFBC}") = "Turquoise.HealthChecks.ServiceBus.Tests", "..\Turquoise.HealthChecks.ServiceBus.Tests\Turquoise.HealthChecks.ServiceBus.Tests.csproj", "{A7235EB6-C941-469F-B35A-9925481CEB4B}"
EndProject
Global
	GlobalSection(SolutionConfigurationPlatforms) = preSolution
		Debug|Any CPU = Debug|Any CPU
		Release|Any CPU = Release|Any CPU
	EndGlobalSection
	GlobalSection(SolutionProperties) = preSolution
		HideSolutionNode = FALSE
	EndGlobalSection
	GlobalSection(ProjectConfigurationPlatforms) = postSolution
		{4EF2536A-BBE8-468E-BDDC-BF58BDC81EDC}.Debug|Any CPU.ActiveCfg = Debug|Any CPU
		{4EF2536A-BBE8-468E-BDDC-BF58BDC81EDC}.Debug|Any CPU.Build.0 = Debug|Any CPU
		{4EF2536A-BBE8-468E-BDDC-BF58BDC81EDC}.Release|Any CPU.ActiveCfg = Release|Any CPU
		{4EF2536A-BBE8-468E-BDDC-BF58BDC81EDC}.Release|Any CPU.Build.0 = Release|Any CPU
		{A7235EB6-C941-469F-B35A-9925481CEB4B}.Debug|Any CPU.ActiveCfg = Debug|Any CPU
		{A7235EB6-C941-469F-B35A-9925481CEB4B}.Debug|Any CPU.Build.0 = Debug|Any CPU
		{A7235EB6-C941-469F-B35A-9925481CEB4B}.Release|Any CPU.ActiveCfg = Release|Any CPU
		{A7235EB6-C941-469F-B35A-9925481CEB4B}.Release|Any CPU.Build.0 = Release|Any CPU
	EndGlobalSection
EndGlobal
