
Microsoft Visual Studio Solution File, Format Version 12.00
# Visual Studio Version 17
VisualStudioVersion = 17.0.31903.59
MinimumVisualStudioVersion = 10.0.40219.1
Project("{FAE04EC0-301F-11D3-BF4B-00C04F79EFBC}") = "Turquoise.HealthChecks.Elasticsearch", "Turquoise.HealthChecks.Elasticsearch.csproj", "{4FEED06D-33C1-423A-81A8-5247543E8DF5}"
EndProject
Project("{FAE04EC0-301F-11D3-BF4B-00C04F79EFBC}") = "Turquoise.HealthChecks.Elasticsearch.Tests", "..\Turquoise.HealthChecks.Elasticsearch.Tests\Turquoise.HealthChecks.Elasticsearch.Tests.csproj", "{5F82417B-8409-4AFC-B80E-1B0CFE885455}"
EndProject
Global
	GlobalSection(SolutionConfigurationPlatforms) = preSolution
		Debug|Any CPU = Debug|Any CPU
		Release|Any CPU = Release|Any CPU
	EndGlobalSection
	GlobalSection(SolutionProperties) = preSolution
		HideSolutionNode = FALSE
	EndGlobalSection
	GlobalSection(ProjectConfigurationPlatforms) = postSolution
		{4FEED06D-33C1-423A-81A8-5247543E8DF5}.Debug|Any CPU.ActiveCfg = Debug|Any CPU
		{4FEED06D-33C1-423A-81A8-5247543E8DF5}.Debug|Any CPU.Build.0 = Debug|Any CPU
		{4FEED06D-33C1-423A-81A8-5247543E8DF5}.Release|Any CPU.ActiveCfg = Release|Any CPU
		{4FEED06D-33C1-423A-81A8-5247543E8DF5}.Release|Any CPU.Build.0 = Release|Any CPU
		{5F82417B-8409-4AFC-B80E-1B0CFE885455}.Debug|Any CPU.ActiveCfg = Debug|Any CPU
		{5F82417B-8409-4AFC-B80E-1B0CFE885455}.Debug|Any CPU.Build.0 = Debug|Any CPU
		{5F82417B-8409-4AFC-B80E-1B0CFE885455}.Release|Any CPU.ActiveCfg = Release|Any CPU
		{5F82417B-8409-4AFC-B80E-1B0CFE885455}.Release|Any CPU.Build.0 = Release|Any CPU
	EndGlobalSection
EndGlobal
