
Microsoft Visual Studio Solution File, Format Version 12.00
# Visual Studio Version 17
VisualStudioVersion = 17.0.31903.59
MinimumVisualStudioVersion = 10.0.40219.1
Project("{FAE04EC0-301F-11D3-BF4B-00C04F79EFBC}") = "Turquoise.HealthChecks.Network", "Turquoise.HealthChecks.Network.csproj", "{11A33390-C8FF-470C-987F-E35F8BE51895}"
EndProject
Project("{FAE04EC0-301F-11D3-BF4B-00C04F79EFBC}") = "Turquoise.HealthChecks.Network.Tests", "..\Turquoise.HealthChecks.Network.Tests\Turquoise.HealthChecks.Network.Tests.csproj", "{B15F9AFE-B12B-4E18-9A83-F4E13D47F1B0}"
EndProject
Global
	GlobalSection(SolutionConfigurationPlatforms) = preSolution
		Debug|Any CPU = Debug|Any CPU
		Release|Any CPU = Release|Any CPU
	EndGlobalSection
	GlobalSection(SolutionProperties) = preSolution
		HideSolutionNode = FALSE
	EndGlobalSection
	GlobalSection(ProjectConfigurationPlatforms) = postSolution
		{11A33390-C8FF-470C-987F-E35F8BE51895}.Debug|Any CPU.ActiveCfg = Debug|Any CPU
		{11A33390-C8FF-470C-987F-E35F8BE51895}.Debug|Any CPU.Build.0 = Debug|Any CPU
		{11A33390-C8FF-470C-987F-E35F8BE51895}.Release|Any CPU.ActiveCfg = Release|Any CPU
		{11A33390-C8FF-470C-987F-E35F8BE51895}.Release|Any CPU.Build.0 = Release|Any CPU
		{B15F9AFE-B12B-4E18-9A83-F4E13D47F1B0}.Debug|Any CPU.ActiveCfg = Debug|Any CPU
		{B15F9AFE-B12B-4E18-9A83-F4E13D47F1B0}.Debug|Any CPU.Build.0 = Debug|Any CPU
		{B15F9AFE-B12B-4E18-9A83-F4E13D47F1B0}.Release|Any CPU.ActiveCfg = Release|Any CPU
		{B15F9AFE-B12B-4E18-9A83-F4E13D47F1B0}.Release|Any CPU.Build.0 = Release|Any CPU
	EndGlobalSection
EndGlobal
